github.com/golang/glog v1.0.0 h1:nfP3RFugxnNRyKgeWd4oI1nYvXpxrx8ck8ZrcizshdQ=
github.com/golang/glog v1.0.0/go.mod h1:EWib/APOK0SL3dFbYqvxE3UYd8E6s1ouQ7iEp/0LWV4=
github.com/google/readahead v0.0.0-20161222183148-eaceba169032 h1:6Be3nkuJFyRfCgr6qTIzmRp8y9QwDIbqy/nYr9WDPos=
github.com/google/readahead v0.0.0-20161222183148-eaceba169032/go.mod h1:qYysrqQXuV4tzsizt4oOQ6mrBZQ0xnQXP3ylXX8Jk5Y=
github.com/pquerna/ffjson v0.0.0-20190930134022-aa0246cd15f7 h1:xoIK0ctDddBMnc74udxJYBqlo9Ylnsp1waqjLsnef20=
github.com/pquerna/ffjson v0.0.0-20190930134022-aa0246cd15f7/go.mod h1:YARuvh7BUWHNhzDq2OM5tzR2RiCcN2D7sapiKyCel/M=
gopkg.in/kothar/go-backblaze.v0 v0.0.0-20210124194846-35409b867216 h1:2TSTkQ8PMvGOD5eeqqRVv6Z9+BYI+bowK97RCr3W+9M=
gopkg.in/kothar/go-backblaze.v0 v0.0.0-20210124194846-35409b867216/go.mod h1:zJ2QpyDCYo1KvLXlmdnFlQAyF/Qfth0fB8239Qg7BIE=
